
Microsoft Visual Studio Solution File, Format Version 11.00
# Visual Studio 2010
Project("{2150E333-8FDC-42A3-9474-1A3956D46DE8}") = "Custom Draw", "Custom Draw", "{CB4D6C69-DFBF-4982-8522-85176F4D388B}"
EndProject
Project("{2150E333-8FDC-42A3-9474-1A3956D46DE8}") = "General", "General", "{B15EB723-737A-496B-9844-6EB04B80E0F1}"
EndProject
Project("{8BC9CEB8-8B4A-11D0-8D11-00A0C91BC942}") = "DisabledItems", "Custom Draw\Disabled Items\DisabledItems.vcxproj", "{7F17A179-5DD8-4D01-9587-A8B05EB196DC}"
EndProject
Project("{8BC9CEB8-8B4A-11D0-8D11-00A0C91BC942}") = "FontsColors", "Custom Draw\Fonts and Colors\FontsColors.vcxproj", "{EAFFE752-2552-4101-8F66-39F6A96C8954}"
EndProject
Project("{8BC9CEB8-8B4A-11D0-8D11-00A0C91BC942}") = "DragDrop", "General\Drag'n'Drop\DragDrop.vcxproj", "{8BC99FA0-2775-48C8-9404-135807658638}"
EndProject
Project("{8BC9CEB8-8B4A-11D0-8D11-00A0C91BC942}") = "Events", "General\Events\Events.vcxproj", "{9A91EF2E-D5B9-4E75-A57E-7511F371F25B}"
EndProject
Project("{8BC9CEB8-8B4A-11D0-8D11-00A0C91BC942}") = "ManageItems", "General\Manage Items\ManageItems.vcxproj", "{0B976CAA-97CE-4DDB-9ABC-696C62807C37}"
EndProject
Project("{8BC9CEB8-8B4A-11D0-8D11-00A0C91BC942}") = "OptionTreeView", "General\OptionTreeView\OptionTreeView.vcxproj", "{AD2F54C7-B99A-4FF1-9215-F51A083CECD4}"
EndProject
Project("{8BC9CEB8-8B4A-11D0-8D11-00A0C91BC942}") = "WinXPStyle", "General\Windows XP Style\WinXPStyle.vcxproj", "{6106D09F-2A63-40CF-93DF-748BF25CF06E}"
EndProject
Global
	GlobalSection(SolutionConfigurationPlatforms) = preSolution
		Debug|Win32 = Debug|Win32
		Release|Win32 = Release|Win32
	EndGlobalSection
	GlobalSection(ProjectConfigurationPlatforms) = postSolution
		{7F17A179-5DD8-4D01-9587-A8B05EB196DC}.Debug|Win32.ActiveCfg = Debug|Win32
		{7F17A179-5DD8-4D01-9587-A8B05EB196DC}.Debug|Win32.Build.0 = Debug|Win32
		{7F17A179-5DD8-4D01-9587-A8B05EB196DC}.Release|Win32.ActiveCfg = Release|Win32
		{7F17A179-5DD8-4D01-9587-A8B05EB196DC}.Release|Win32.Build.0 = Release|Win32
		{EAFFE752-2552-4101-8F66-39F6A96C8954}.Debug|Win32.ActiveCfg = Debug|Win32
		{EAFFE752-2552-4101-8F66-39F6A96C8954}.Debug|Win32.Build.0 = Debug|Win32
		{EAFFE752-2552-4101-8F66-39F6A96C8954}.Release|Win32.ActiveCfg = Release|Win32
		{EAFFE752-2552-4101-8F66-39F6A96C8954}.Release|Win32.Build.0 = Release|Win32
		{8BC99FA0-2775-48C8-9404-135807658638}.Debug|Win32.ActiveCfg = Debug|Win32
		{8BC99FA0-2775-48C8-9404-135807658638}.Debug|Win32.Build.0 = Debug|Win32
		{8BC99FA0-2775-48C8-9404-135807658638}.Release|Win32.ActiveCfg = Release|Win32
		{8BC99FA0-2775-48C8-9404-135807658638}.Release|Win32.Build.0 = Release|Win32
		{9A91EF2E-D5B9-4E75-A57E-7511F371F25B}.Debug|Win32.ActiveCfg = Debug|Win32
		{9A91EF2E-D5B9-4E75-A57E-7511F371F25B}.Debug|Win32.Build.0 = Debug|Win32
		{9A91EF2E-D5B9-4E75-A57E-7511F371F25B}.Release|Win32.ActiveCfg = Release|Win32
		{9A91EF2E-D5B9-4E75-A57E-7511F371F25B}.Release|Win32.Build.0 = Release|Win32
		{0B976CAA-97CE-4DDB-9ABC-696C62807C37}.Debug|Win32.ActiveCfg = Debug|Win32
		{0B976CAA-97CE-4DDB-9ABC-696C62807C37}.Debug|Win32.Build.0 = Debug|Win32
		{0B976CAA-97CE-4DDB-9ABC-696C62807C37}.Release|Win32.ActiveCfg = Release|Win32
		{0B976CAA-97CE-4DDB-9ABC-696C62807C37}.Release|Win32.Build.0 = Release|Win32
		{AD2F54C7-B99A-4FF1-9215-F51A083CECD4}.Debug|Win32.ActiveCfg = Debug|Win32
		{AD2F54C7-B99A-4FF1-9215-F51A083CECD4}.Debug|Win32.Build.0 = Debug|Win32
		{AD2F54C7-B99A-4FF1-9215-F51A083CECD4}.Release|Win32.ActiveCfg = Release|Win32
		{AD2F54C7-B99A-4FF1-9215-F51A083CECD4}.Release|Win32.Build.0 = Release|Win32
		{6106D09F-2A63-40CF-93DF-748BF25CF06E}.Debug|Win32.ActiveCfg = Debug|Win32
		{6106D09F-2A63-40CF-93DF-748BF25CF06E}.Debug|Win32.Build.0 = Debug|Win32
		{6106D09F-2A63-40CF-93DF-748BF25CF06E}.Release|Win32.ActiveCfg = Release|Win32
		{6106D09F-2A63-40CF-93DF-748BF25CF06E}.Release|Win32.Build.0 = Release|Win32
	EndGlobalSection
	GlobalSection(SolutionProperties) = preSolution
		HideSolutionNode = FALSE
	EndGlobalSection
	GlobalSection(NestedProjects) = preSolution
		{7F17A179-5DD8-4D01-9587-A8B05EB196DC} = {CB4D6C69-DFBF-4982-8522-85176F4D388B}
		{EAFFE752-2552-4101-8F66-39F6A96C8954} = {CB4D6C69-DFBF-4982-8522-85176F4D388B}
		{8BC99FA0-2775-48C8-9404-135807658638} = {B15EB723-737A-496B-9844-6EB04B80E0F1}
		{9A91EF2E-D5B9-4E75-A57E-7511F371F25B} = {B15EB723-737A-496B-9844-6EB04B80E0F1}
		{0B976CAA-97CE-4DDB-9ABC-696C62807C37} = {B15EB723-737A-496B-9844-6EB04B80E0F1}
		{AD2F54C7-B99A-4FF1-9215-F51A083CECD4} = {B15EB723-737A-496B-9844-6EB04B80E0F1}
		{6106D09F-2A63-40CF-93DF-748BF25CF06E} = {B15EB723-737A-496B-9844-6EB04B80E0F1}
	EndGlobalSection
EndGlobal
