Microsoft Visual Studio Solution File, Format Version 11.00
# Visual Studio 2010
Project("{8BC9CEB8-8B4A-11D0-8D11-00A0C91BC942}") = "DisabledItems", "DisabledItems.vcxproj", "{7F17A179-5DD8-4D01-9587-A8B05EB196DC}"
EndProject
Global
	GlobalSection(SolutionConfigurationPlatforms) = preSolution
		Debug|Win32 = Debug|Win32
		Release|Win32 = Release|Win32
	EndGlobalSection
	GlobalSection(ProjectConfigurationPlatforms) = postSolution
		{7F17A179-5DD8-4D01-9587-A8B05EB196DC}.Debug|Win32.ActiveCfg = Debug|Win32
		{7F17A179-5DD8-4D01-9587-A8B05EB196DC}.Debug|Win32.Build.0 = Debug|Win32
		{7F17A179-5DD8-4D01-9587-A8B05EB196DC}.Release|Win32.ActiveCfg = Release|Win32
		{7F17A179-5DD8-4D01-9587-A8B05EB196DC}.Release|Win32.Build.0 = Release|Win32
	EndGlobalSection
	GlobalSection(SolutionProperties) = preSolution
		HideSolutionNode = FALSE
	EndGlobalSection
EndGlobal
